// !$*UTF8*$!
{
	archiveVersion = 1;
	classes = {
	};
	objectVersion = 48;
	objects = {

/* Begin PBXBuildFile section */
		AF8D9FECD6BB21A4A7E2D635 /* Pods_FilmSwipe.framework in Frameworks */ = {isa = PBXBuildFile; fileRef = 51DC8C7D71530BC8831F76DB /* Pods_FilmSwipe.framework */; };
		C40A0A6A20C9B8D000C3B930 /* AppDelegate.swift in Sources */ = {isa = PBXBuildFile; fileRef = C40A0A6920C9B8D000C3B930 /* AppDelegate.swift */; };
		C40A0A6C20C9B8D000C3B930 /* ViewController.swift in Sources */ = {isa = PBXBuildFile; fileRef = C40A0A6B20C9B8D000C3B930 /* ViewController.swift */; };
		C40A0A6F20C9B8D000C3B930 /* Main.storyboard in Resources */ = {isa = PBXBuildFile; fileRef = C40A0A6D20C9B8D000C3B930 /* Main.storyboard */; };
		C40A0A7120C9B8D000C3B930 /* Assets.xcassets in Resources */ = {isa = PBXBuildFile; fileRef = C40A0A7020C9B8D000C3B930 /* Assets.xcassets */; };
		C40A0A7420C9B8D000C3B930 /* LaunchScreen.storyboard in Resources */ = {isa = PBXBuildFile; fileRef = C40A0A7220C9B8D000C3B930 /* LaunchScreen.storyboard */; };
		C471691920CA0FE100EDB26C /* SwipeView.xib in Resources */ = {isa = PBXBuildFile; fileRef = C471691820CA0FE100EDB26C /* SwipeView.xib */; };
		C471691B20CA104C00EDB26C /* SwipeView.swift in Sources */ = {isa = PBXBuildFile; fileRef = C471691A20CA104C00EDB26C /* SwipeView.swift */; };
/* End PBXBuildFile section */

/* Begin PBXFileReference section */
		51DC8C7D71530BC8831F76DB /* Pods_FilmSwipe.framework */ = {isa = PBXFileReference; explicitFileType = wrapper.framework; includeInIndex = 0; path = Pods_FilmSwipe.framework; sourceTree = BUILT_PRODUCTS_DIR; };
		7BD23CD9E806CCC55F9EC790 /* Pods-FilmSwipe.release.xcconfig */ = {isa = PBXFileReference; includeInIndex = 1; lastKnownFileType = text.xcconfig; name = "Pods-FilmSwipe.release.xcconfig"; path = "Pods/Target Support Files/Pods-FilmSwipe/Pods-FilmSwipe.release.xcconfig"; sourceTree = "<group>"; };
		C40A0A6620C9B8D000C3B930 /* FilmSwipe.app */ = {isa = PBXFileReference; explicitFileType = wrapper.application; includeInIndex = 0; path = FilmSwipe.app; sourceTree = BUILT_PRODUCTS_DIR; };
		C40A0A6920C9B8D000C3B930 /* AppDelegate.swift */ = {isa = PBXFileReference; lastKnownFileType = sourcecode.swift; path = AppDelegate.swift; sourceTree = "<group>"; };
		C40A0A6B20C9B8D000C3B930 /* ViewController.swift */ = {isa = PBXFileReference; lastKnownFileType = sourcecode.swift; path = ViewController.swift; sourceTree = "<group>"; };
		C40A0A6E20C9B8D000C3B930 /* Base */ = {isa = PBXFileReference; lastKnownFileType = file.storyboard; name = Base; path = Base.lproj/Main.storyboard; sourceTree = "<group>"; };
		C40A0A7020C9B8D000C3B930 /* Assets.xcassets */ = {isa = PBXFileReference; lastKnownFileType = folder.assetcatalog; path = Assets.xcassets; sourceTree = "<group>"; };
		C40A0A7320C9B8D000C3B930 /* Base */ = {isa = PBXFileReference; lastKnownFileType = file.storyboard; name = Base; path = Base.lproj/LaunchScreen.storyboard; sourceTree = "<group>"; };
		C40A0A7520C9B8D000C3B930 /* Info.plist */ = {isa = PBXFileReference; lastKnownFileType = text.plist.xml; path = Info.plist; sourceTree = "<group>"; };
		C471691820CA0FE100EDB26C /* SwipeView.xib */ = {isa = PBXFileReference; lastKnownFileType = file.xib; path = SwipeView.xib; sourceTree = "<group>"; };
		C471691A20CA104C00EDB26C /* SwipeView.swift */ = {isa = PBXFileReference; lastKnownFileType = sourcecode.swift; path = SwipeView.swift; sourceTree = "<group>"; };
		E68553FB99806B38CCE56528 /* Pods-FilmSwipe.debug.xcconfig */ = {isa = PBXFileReference; includeInIndex = 1; lastKnownFileType = text.xcconfig; name = "Pods-FilmSwipe.debug.xcconfig"; path = "Pods/Target Support Files/Pods-FilmSwipe/Pods-FilmSwipe.debug.xcconfig"; sourceTree = "<group>"; };
/* End PBXFileReference section */

/* Begin PBXFrameworksBuildPhase section */
		C40A0A6320C9B8D000C3B930 /* Frameworks */ = {
			isa = PBXFrameworksBuildPhase;
			buildActionMask = 2147483647;
			files = (
				AF8D9FECD6BB21A4A7E2D635 /* Pods_FilmSwipe.framework in Frameworks */,
			);
			runOnlyForDeploymentPostprocessing = 0;
		};
/* End PBXFrameworksBuildPhase section */

/* Begin PBXGroup section */
		1B81C831360CB6C6E75D33E4 /* Frameworks */ = {
			isa = PBXGroup;
			children = (
				51DC8C7D71530BC8831F76DB /* Pods_FilmSwipe.framework */,
			);
			name = Frameworks;
			sourceTree = "<group>";
		};
		451A55A0CAAC16A7C6F4EFFF /* Pods */ = {
			isa = PBXGroup;
			children = (
				E68553FB99806B38CCE56528 /* Pods-FilmSwipe.debug.xcconfig */,
				7BD23CD9E806CCC55F9EC790 /* Pods-FilmSwipe.release.xcconfig */,
			);
			name = Pods;
			sourceTree = "<group>";
		};
		C40A0A5D20C9B8D000C3B930 = {
			isa = PBXGroup;
			children = (
				C40A0A6820C9B8D000C3B930 /* FilmSwipe */,
				C40A0A6720C9B8D000C3B930 /* Products */,
				451A55A0CAAC16A7C6F4EFFF /* Pods */,
				1B81C831360CB6C6E75D33E4 /* Frameworks */,
			);
			sourceTree = "<group>";
		};
		C40A0A6720C9B8D000C3B930 /* Products */ = {
			isa = PBXGroup;
			children = (
				C40A0A6620C9B8D000C3B930 /* FilmSwipe.app */,
			);
			name = Products;
			sourceTree = "<group>";
		};
		C40A0A6820C9B8D000C3B930 /* FilmSwipe */ = {
			isa = PBXGroup;
			children = (
				C40A0A6920C9B8D000C3B930 /* AppDelegate.swift */,
				C40A0A6B20C9B8D000C3B930 /* ViewController.swift */,
				C40A0A6D20C9B8D000C3B930 /* Main.storyboard */,
				C471691A20CA104C00EDB26C /* SwipeView.swift */,
				C471691820CA0FE100EDB26C /* SwipeView.xib */,
				C40A0A7020C9B8D000C3B930 /* Assets.xcassets */,
				C40A0A7220C9B8D000C3B930 /* LaunchScreen.storyboard */,
				C40A0A7520C9B8D000C3B930 /* Info.plist */,
			);
			path = FilmSwipe;
			sourceTree = "<group>";
		};
/* End PBXGroup section */

/* Begin PBXNativeTarget section */
		C40A0A6520C9B8D000C3B930 /* FilmSwipe */ = {
			isa = PBXNativeTarget;
			buildConfigurationList = C40A0A7820C9B8D000C3B930 /* Build configuration list for PBXNativeTarget "FilmSwipe" */;
			buildPhases = (
				7DCBD88C0265AFB4360C45B8 /* [CP] Check Pods Manifest.lock */,
				C40A0A6220C9B8D000C3B930 /* Sources */,
				C40A0A6320C9B8D000C3B930 /* Frameworks */,
				C40A0A6420C9B8D000C3B930 /* Resources */,
				61C84A62AA4FA2870229499D /* [CP] Embed Pods Frameworks */,
				E9DD9333BA191879F7CDB53C /* [CP] Copy Pods Resources */,
			);
			buildRules = (
			);
			dependencies = (
			);
			name = FilmSwipe;
			productName = FilmSwipe;
			productReference = C40A0A6620C9B8D000C3B930 /* FilmSwipe.app */;
			productType = "com.apple.product-type.application";
		};
/* End PBXNativeTarget section */

/* Begin PBXProject section */
		C40A0A5E20C9B8D000C3B930 /* Project object */ = {
			isa = PBXProject;
			attributes = {
				LastSwiftUpdateCheck = 0910;
				LastUpgradeCheck = 0910;
				ORGANIZATIONNAME = "Dylan Southard";
				TargetAttributes = {
					C40A0A6520C9B8D000C3B930 = {
						CreatedOnToolsVersion = 9.1;
						ProvisioningStyle = Automatic;
					};
				};
			};
			buildConfigurationList = C40A0A6120C9B8D000C3B930 /* Build configuration list for PBXProject "FilmSwipe" */;
			compatibilityVersion = "Xcode 8.0";
			developmentRegion = en;
			hasScannedForEncodings = 0;
			knownRegions = (
				en,
				Base,
			);
			mainGroup = C40A0A5D20C9B8D000C3B930;
			productRefGroup = C40A0A6720C9B8D000C3B930 /* Products */;
			projectDirPath = "";
			projectRoot = "";
			targets = (
				C40A0A6520C9B8D000C3B930 /* FilmSwipe */,
			);
		};
/* End PBXProject section */

/* Begin PBXResourcesBuildPhase section */
		C40A0A6420C9B8D000C3B930 /* Resources */ = {
			isa = PBXResourcesBuildPhase;
			buildActionMask = 2147483647;
			files = (
				C40A0A7420C9B8D000C3B930 /* LaunchScreen.storyboard in Resources */,
				C471691920CA0FE100EDB26C /* SwipeView.xib in Resources */,
				C40A0A7120C9B8D000C3B930 /* Assets.xcassets in Resources */,
				C40A0A6F20C9B8D000C3B930 /* Main.storyboard in Resources */,
			);
			runOnlyForDeploymentPostprocessing = 0;
		};
/* End PBXResourcesBuildPhase section */

/* Begin PBXShellScriptBuildPhase section */
		61C84A62AA4FA2870229499D /* [CP] Embed Pods Frameworks */ = {
			isa = PBXShellScriptBuildPhase;
			buildActionMask = 2147483647;
			files = (
			);
			inputPaths = (
				"${SRCROOT}/Pods/Target Support Files/Pods-FilmSwipe/Pods-FilmSwipe-frameworks.sh",
				"${BUILT_PRODUCTS_DIR}/Koloda/Koloda.framework",
				"${BUILT_PRODUCTS_DIR}/pop/pop.framework",
			);
			name = "[CP] Embed Pods Frameworks";
			outputPaths = (
				"${TARGET_BUILD_DIR}/${FRAMEWORKS_FOLDER_PATH}/Koloda.framework",
				"${TARGET_BUILD_DIR}/${FRAMEWORKS_FOLDER_PATH}/pop.framework",
			);
			runOnlyForDeploymentPostprocessing = 0;
			shellPath = /bin/sh;
			shellScript = "\"${SRCROOT}/Pods/Target Support Files/Pods-FilmSwipe/Pods-FilmSwipe-frameworks.sh\"\n";
			showEnvVarsInLog = 0;
		};
		7DCBD88C0265AFB4360C45B8 /* [CP] Check Pods Manifest.lock */ = {
			isa = PBXShellScriptBuildPhase;
			buildActionMask = 2147483647;
			files = (
			);
			inputPaths = (
				"${PODS_PODFILE_DIR_PATH}/Podfile.lock",
				"${PODS_ROOT}/Manifest.lock",
			);
			name = "[CP] Check Pods Manifest.lock";
			outputPaths = (
				"$(DERIVED_FILE_DIR)/Pods-FilmSwipe-checkManifestLockResult.txt",
			);
			runOnlyForDeploymentPostprocessing = 0;
			shellPath = /bin/sh;
			shellScript = "diff \"${PODS_PODFILE_DIR_PATH}/Podfile.lock\" \"${PODS_ROOT}/Manifest.lock\" > /dev/null\nif [ $? != 0 ] ; then\n    # print error to STDERR\n    echo \"error: The sandbox is not in sync with the Podfile.lock. Run 'pod install' or update your CocoaPods installation.\" >&2\n    exit 1\nfi\n# This output is used by Xcode 'outputs' to avoid re-running this script phase.\necho \"SUCCESS\" > \"${SCRIPT_OUTPUT_FILE_0}\"\n";
			showEnvVarsInLog = 0;
		};
		E9DD9333BA191879F7CDB53C /* [CP] Copy Pods Resources */ = {
			isa = PBXShellScriptBuildPhase;
			buildActionMask = 2147483647;
			files = (
			);
			inputPaths = (
			);
			name = "[CP] Copy Pods Resources";
			outputPaths = (
			);
			runOnlyForDeploymentPostprocessing = 0;
			shellPath = /bin/sh;
			shellScript = "\"${SRCROOT}/Pods/Target Support Files/Pods-FilmSwipe/Pods-FilmSwipe-resources.sh\"\n";
			showEnvVarsInLog = 0;
		};
/* End PBXShellScriptBuildPhase section */

/* Begin PBXSourcesBuildPhase section */
		C40A0A6220C9B8D000C3B930 /* Sources */ = {
			isa = PBXSourcesBuildPhase;
			buildActionMask = 2147483647;
			files = (
				C471691B20CA104C00EDB26C /* SwipeView.swift in Sources */,
				C40A0A6C20C9B8D000C3B930 /* ViewController.swift in Sources */,
				C40A0A6A20C9B8D000C3B930 /* AppDelegate.swift in Sources */,
			);
			runOnlyForDeploymentPostprocessing = 0;
		};
/* End PBXSourcesBuildPhase section */

/* Begin PBXVariantGroup section */
		C40A0A6D20C9B8D000C3B930 /* Main.storyboard */ = {
			isa = PBXVariantGroup;
			children = (
				C40A0A6E20C9B8D000C3B930 /* Base */,
			);
			name = Main.storyboard;
			sourceTree = "<group>";
		};
		C40A0A7220C9B8D000C3B930 /* LaunchScreen.storyboard */ = {
			isa = PBXVariantGroup;
			children = (
				C40A0A7320C9B8D000C3B930 /* Base */,
			);
			name = LaunchScreen.storyboard;
			sourceTree = "<group>";
		};
/* End PBXVariantGroup section */

/* Begin XCBuildConfiguration section */
		C40A0A7620C9B8D000C3B930 /* Debug */ = {
			isa = XCBuildConfiguration;
			buildSettings = {
				ALWAYS_SEARCH_USER_PATHS = NO;
				CLANG_ANALYZER_NONNULL = YES;
				CLANG_ANALYZER_NUMBER_OBJECT_CONVERSION = YES_AGGRESSIVE;
				CLANG_CXX_LANGUAGE_STANDARD = "gnu++14";
				CLANG_CXX_LIBRARY = "libc++";
				CLANG_ENABLE_MODULES = YES;
				CLANG_ENABLE_OBJC_ARC = YES;
				CLANG_WARN_BLOCK_CAPTURE_AUTORELEASING = YES;
				CLANG_WARN_BOOL_CONVERSION = YES;
				CLANG_WARN_COMMA = YES;
				CLANG_WARN_CONSTANT_CONVERSION = YES;
				CLANG_WARN_DIRECT_OBJC_ISA_USAGE = YES_ERROR;
				CLANG_WARN_DOCUMENTATION_COMMENTS = YES;
				CLANG_WARN_EMPTY_BODY = YES;
				CLANG_WARN_ENUM_CONVERSION = YES;
				CLANG_WARN_INFINITE_RECURSION = YES;
				CLANG_WARN_INT_CONVERSION = YES;
				CLANG_WARN_NON_LITERAL_NULL_CONVERSION = YES;
				CLANG_WARN_OBJC_LITERAL_CONVERSION = YES;
				CLANG_WARN_OBJC_ROOT_CLASS = YES_ERROR;
				CLANG_WARN_RANGE_LOOP_ANALYSIS = YES;
				CLANG_WARN_STRICT_PROTOTYPES = YES;
				CLANG_WARN_SUSPICIOUS_MOVE = YES;
				CLANG_WARN_UNGUARDED_AVAILABILITY = YES_AGGRESSIVE;
				CLANG_WARN_UNREACHABLE_CODE = YES;
				CLANG_WARN__DUPLICATE_METHOD_MATCH = YES;
				CODE_SIGN_IDENTITY = "iPhone Developer";
				COPY_PHASE_STRIP = NO;
				DEBUG_INFORMATION_FORMAT = dwarf;
				ENABLE_STRICT_OBJC_MSGSEND = YES;
				ENABLE_TESTABILITY = YES;
				GCC_C_LANGUAGE_STANDARD = gnu11;
				GCC_DYNAMIC_NO_PIC = NO;
				GCC_NO_COMMON_BLOCKS = YES;
				GCC_OPTIMIZATION_LEVEL = 0;
				GCC_PREPROCESSOR_DEFINITIONS = (
					"DEBUG=1",
					"$(inherited)",
				);
				GCC_WARN_64_TO_32_BIT_CONVERSION = YES;
				GCC_WARN_ABOUT_RETURN_TYPE = YES_ERROR;
				GCC_WARN_UNDECLARED_SELECTOR = YES;
				GCC_WARN_UNINITIALIZED_AUTOS = YES_AGGRESSIVE;
				GCC_WARN_UNUSED_FUNCTION = YES;
				GCC_WARN_UNUSED_VARIABLE = YES;
				IPHONEOS_DEPLOYMENT_TARGET = 11.1;
				MTL_ENABLE_DEBUG_INFO = YES;
				ONLY_ACTIVE_ARCH = YES;
				SDKROOT = iphoneos;
				SWIFT_ACTIVE_COMPILATION_CONDITIONS = DEBUG;
				SWIFT_OPTIMIZATION_LEVEL = "-Onone";
			};
			name = Debug;
		};
		C40A0A7720C9B8D000C3B930 /* Release */ = {
			isa = XCBuildConfiguration;
			buildSettings = {
				ALWAYS_SEARCH_USER_PATHS = NO;
				CLANG_ANALYZER_NONNULL = YES;
				CLANG_ANALYZER_NUMBER_OBJECT_CONVERSION = YES_AGGRESSIVE;
				CLANG_CXX_LANGUAGE_STANDARD = "gnu++14";
				CLANG_CXX_LIBRARY = "libc++";
				CLANG_ENABLE_MODULES = YES;
				CLANG_ENABLE_OBJC_ARC = YES;
				CLANG_WARN_BLOCK_CAPTURE_AUTORELEASING = YES;
				CLANG_WARN_BOOL_CONVERSION = YES;
				CLANG_WARN_COMMA = YES;
				CLANG_WARN_CONSTANT_CONVERSION = YES;
				CLANG_WARN_DIRECT_OBJC_ISA_USAGE = YES_ERROR;
				CLANG_WARN_DOCUMENTATION_COMMENTS = YES;
				CLANG_WARN_EMPTY_BODY = YES;
				CLANG_WARN_ENUM_CONVERSION = YES;
				CLANG_WARN_INFINITE_RECURSION = YES;
				CLANG_WARN_INT_CONVERSION = YES;
				CLANG_WARN_NON_LITERAL_NULL_CONVERSION = YES;
				CLANG_WARN_OBJC_LITERAL_CONVERSION = YES;
				CLANG_WARN_OBJC_ROOT_CLASS = YES_ERROR;
				CLANG_WARN_RANGE_LOOP_ANALYSIS = YES;
				CLANG_WARN_STRICT_PROTOTYPES = YES;
				CLANG_WARN_SUSPICIOUS_MOVE = YES;
				CLANG_WARN_UNGUARDED_AVAILABILITY = YES_AGGRESSIVE;
				CLANG_WARN_UNREACHABLE_CODE = YES;
				CLANG_WARN__DUPLICATE_METHOD_MATCH = YES;
				CODE_SIGN_IDENTITY = "iPhone Developer";
				COPY_PHASE_STRIP = NO;
				DEBUG_INFORMATION_FORMAT = "dwarf-with-dsym";
				ENABLE_NS_ASSERTIONS = NO;
				ENABLE_STRICT_OBJC_MSGSEND = YES;
				GCC_C_LANGUAGE_STANDARD = gnu11;
				GCC_NO_COMMON_BLOCKS = YES;
				GCC_WARN_64_TO_32_BIT_CONVERSION = YES;
				GCC_WARN_ABOUT_RETURN_TYPE = YES_ERROR;
				GCC_WARN_UNDECLARED_SELECTOR = YES;
				GCC_WARN_UNINITIALIZED_AUTOS = YES_AGGRESSIVE;
				GCC_WARN_UNUSED_FUNCTION = YES;
				GCC_WARN_UNUSED_VARIABLE = YES;
				IPHONEOS_DEPLOYMENT_TARGET = 11.1;
				MTL_ENABLE_DEBUG_INFO = NO;
				SDKROOT = iphoneos;
				SWIFT_OPTIMIZATION_LEVEL = "-Owholemodule";
				VALIDATE_PRODUCT = YES;
			};
			name = Release;
		};
		C40A0A7920C9B8D000C3B930 /* Debug */ = {
			isa = XCBuildConfiguration;
			baseConfigurationReference = E68553FB99806B38CCE56528 /* Pods-FilmSwipe.debug.xcconfig */;
			buildSettings = {
				ASSETCATALOG_COMPILER_APPICON_NAME = AppIcon;
				CODE_SIGN_STYLE = Automatic;
				DEVELOPMENT_TEAM = UQ3BB547F3;
				INFOPLIST_FILE = FilmSwipe/Info.plist;
				LD_RUNPATH_SEARCH_PATHS = "$(inherited) @executable_path/Frameworks";
				PRODUCT_BUNDLE_IDENTIFIER = com.ihounokyaku.com.FilmSwipe;
				PRODUCT_NAME = "$(TARGET_NAME)";
				SWIFT_VERSION = 4.0;
				TARGETED_DEVICE_FAMILY = "1,2";
			};
			name = Debug;
		};
		C40A0A7A20C9B8D000C3B930 /* Release */ = {
			isa = XCBuildConfiguration;
			baseConfigurationReference = 7BD23CD9E806CCC55F9EC790 /* Pods-FilmSwipe.release.xcconfig */;
			buildSettings = {
				ASSETCATALOG_COMPILER_APPICON_NAME = AppIcon;
				CODE_SIGN_STYLE = Automatic;
				DEVELOPMENT_TEAM = UQ3BB547F3;
				INFOPLIST_FILE = FilmSwipe/Info.plist;
				LD_RUNPATH_SEARCH_PATHS = "$(inherited) @executable_path/Frameworks";
				PRODUCT_BUNDLE_IDENTIFIER = com.ihounokyaku.com.FilmSwipe;
				PRODUCT_NAME = "$(TARGET_NAME)";
				SWIFT_VERSION = 4.0;
				TARGETED_DEVICE_FAMILY = "1,2";
			};
			name = Release;
		};
/* End XCBuildConfiguration section */

/* Begin XCConfigurationList section */
		C40A0A6120C9B8D000C3B930 /* Build configuration list for PBXProject "FilmSwipe" */ = {
			isa = XCConfigurationList;
			buildConfigurations = (
				C40A0A7620C9B8D000C3B930 /* Debug */,
				C40A0A7720C9B8D000C3B930 /* Release */,
			);
			defaultConfigurationIsVisible = 0;
			defaultConfigurationName = Release;
		};
		C40A0A7820C9B8D000C3B930 /* Build configuration list for PBXNativeTarget "FilmSwipe" */ = {
			isa = XCConfigurationList;
			buildConfigurations = (
				C40A0A7920C9B8D000C3B930 /* Debug */,
				C40A0A7A20C9B8D000C3B930 /* Release */,
			);
			defaultConfigurationIsVisible = 0;
			defaultConfigurationName = Release;
		};
/* End XCConfigurationList section */
	};
	rootObject = C40A0A5E20C9B8D000C3B930 /* Project object */;
}
